
Microsoft Visual Studio Solution File, Format Version 12.00
# Visual Studio Version 16
VisualStudioVersion = 16.0.30225.117
MinimumVisualStudioVersion = 10.0.40219.1
Project("{FAE04EC0-301F-11D3-BF4B-00C04F79EFBC}") = "QuestShop", "QuestShop.csproj", "{A1C777EE-4599-4170-8532-296287B7CBDE}"
EndProject
Global
	GlobalSection(SolutionConfigurationPlatforms) = preSolution
		Debug|Any CPU = Debug|Any CPU
		Release|Any CPU = Release|Any CPU
	EndGlobalSection
	GlobalSection(ProjectConfigurationPlatforms) = postSolution
		{A1C777EE-4599-4170-8532-296287B7CBDE}.Debug|Any CPU.ActiveCfg = Debug|Any CPU
		{A1C777EE-4599-4170-8532-296287B7CBDE}.Debug|Any CPU.Build.0 = Debug|Any CPU
		{A1C777EE-4599-4170-8532-296287B7CBDE}.Release|Any CPU.ActiveCfg = Release|Any CPU
		{A1C777EE-4599-4170-8532-296287B7CBDE}.Release|Any CPU.Build.0 = Release|Any CPU
	EndGlobalSection
	GlobalSection(SolutionProperties) = preSolution
		HideSolutionNode = FALSE
	EndGlobalSection
	GlobalSection(ExtensibilityGlobals) = postSolution
		SolutionGuid = {555FC9BC-EDD3-47F2-999B-564ECFECA3CB}
	EndGlobalSection
EndGlobal
